cloud.google.com/go v0.26.0/go.mod h1:aQUYkXzVsufM+DwF1aE+0xfcU+56JwCaLick0ClmMTw=
git.schwanenlied.me/yawning/bsaes.git v0.0.0-20180720073208-c0276d75487e h1:F2x1bq7RaNCIuqYpswggh1+c1JmwdnkHNC9wy1KDip0=
git.schwanenlied.me/yawning/bsaes.git v0.0.0-20180720073208-c0276d75487e/go.mod h1:BWqTsj8PgcPriQJGl7el20J/7TuT1d/hSyFDXMEpoEo=
github.com/AndreasBriese/bbloom v0.0.0-20190306092124-e2d15f34fcf9 h1:HD8gA2tkByhMAwYaFAX9w2l7vxvBQ5NMoxDrkhqhtn4=
github.com/AndreasBriese/bbloom v0.0.0-20190306092124-e2d15f34fcf9/go.mod h1:bOvUY6CB00SOBii9/FifXqc0awNKxLFCL/+pkDPuyl8=
github.com/DataDog/zstd v1.3.5 h1:DtpNbljikUepEPD16hD4LvIcmhnhdLTiW/5pHgbmp14=
github.com/DataDog/zstd v1.3.5/go.mod h1:1jcaCB/ufaK+sKp1NBhlGmpz41jOoPQ35bpF36t7BBo=
github.com/NebulousLabs/go-upnp v0.0.0-20181203152547-b32978b8ccbf/go.mod h1:GbuBk21JqF+driLX3XtJYNZjGa45YDoa9IqCTzNSfEc=
github.com/Sereal/Sereal v0.0.0-20181211220259-509a78ddbda3 h1:Xu7z47ZiE/J+sKXHZMGxEor/oY2q6dq51fkO0JqdSwY=
github.com/Sereal/Sereal v0.0.0-20181211220259-509a78ddbda3/go.mod h1:D0JMgToj/WdxCgd30Kc1UcA9E+WdZoJqeVOuYW7iTBM=
github.com/Yawning/aez v0.0.0-20180408160647-ec7426b44926 h1:oBNaMAcYxOjYhHIXs5U3Dz1bODLJTpP7mEI5yzhyu1k=
github.com/Yawning/aez v0.0.0-20180408160647-ec7426b44926/go.mod h1:9pIqrY6SXNL8vjRQE5Hd/OL5GyK/9MrGUWs87z/eFfk=
github.com/aead/chacha20 v0.0.0-20180709150244-8b13a72661da h1:KjTM2ks9d14ZYCvmHS9iAKVt9AyzRSqNU1qabPih5BY=
github.com/aead/chacha20 v0.0.0-20180709150244-8b13a72661da/go.mod h1:eHEWzANqSiWQsof+nXEI9bUVUyV6F53Fp89EuCh2EAA=
github.com/aead/siphash v0.0.0-20170329201724-e404fcfc8885/go.mod h1:Nywa3cDsYNNK3gaciGTWPwHt0wlpNV15vwmswBAUSII=
github.com/agl/ed25519 v0.0.0-20170116200512-5312a6153412 h1:w1UutsfOrms1J05zt7ISrnJIXKzwaspym5BTKGx93EI=
github.com/agl/ed25519 v0.0.0-20170116200512-5312a6153412/go.mod h1:WPjqKcmVOxf0XSf3YxCJs6N6AOSrOx3obionmG7T0y0=
github.com/asdine/storm v0.0.0-20190216191021-fe89819f6282 h1:DmSVc81daQAPvXwcCZi0W6A14sTCYQ1QI21C0E37KoY=
github.com/asdine/storm v0.0.0-20190216191021-fe89819f6282/go.mod h1:cMLKpjHSP4q0P133fV15ojQgwWWB2IMv+hrFsmBF/wI=
github.com/boltdb/bolt v1.3.1 h1:JQmyP4ZBrce+ZQu0dY660FMfatumYDLun9hBCUVIkF4=
github.com/boltdb/bolt v1.3.1/go.mod h1:clJnj/oiGkjum5o1McbSZDSLxVThjynRyGBgiAx27Ps=
github.com/btcsuite/go-socks v0.0.0-20170105172521-4720035b7bfd h1:R/opQEbFEy9JGkIguV40SvRY1uliPX8ifOvi6ICsFCw=
github.com/btcsuite/go-socks v0.0.0-20170105172521-4720035b7bfd/go.mod h1:HHNXQzUsZCxOoE+CPiyCTO6x34Zs86zZUiwtpXoGdtg=
github.com/btcsuite/goleveldb v1.0.0 h1:Tvd0BfvqX9o823q1j2UZ/epQo09eJh6dTcRp79ilIN4=
github.com/btcsuite/goleveldb v1.0.0/go.mod h1:QiK9vBlgftBg6rWQIj6wFzbPfRjiykIEhBH4obrXJ/I=
github.com/btcsuite/snappy-go v1.0.0 h1:ZxaA6lo2EpxGddsA8JwWOcxlzRybb444sgmeJQMJGQE=
github.com/btcsuite/snappy-go v1.0.0/go.mod h1:8woku9dyThutzjeg+3xrA5iCpBRH8XEEg3lh6TiUghc=
github.com/btcsuite/winsvc v1.0.0/go.mod h1:jsenWakMcC0zFBFurPLEAyrnc/teJEM1O46fmI40EZs=
github.com/client9/misspell v0.3.4/go.mod h1:qj6jICC3Q7zFZvVWo7KLAzC3yx5G7kyvSDkc90ppPyw=
github.com/davecgh/go-spew v1.1.0 h1:ZDRjVQ15GmhC3fiQ8ni8+OwkZQO4DARzQgrnXU1Liz8=
github.com/davecgh/go-spew v1.1.0/go.mod h1:J7Y8YcW2NihsgmVo/mv3lAwl/skON4iLHjSsI+c5H38=
github.com/davecgh/go-spew v1.1.1 h1:vj9j/u1bqnvCEfJOwUhtlOARqs3+rkHYY13jYWTU97c=
github.com/davecgh/go-spew v1.1.1/go.mod h1:J7Y8YcW2NihsgmVo/mv3lAwl/skON4iLHjSsI+c5H38=
github.com/dchest/blake256 v1.0.0 h1:6gUgI5MHdz9g0TdrgKqXsoDX+Zjxmm1Sc6OsoGru50I=
github.com/dchest/blake256 v1.0.0/go.mod h1:xXNWCE1jsAP8DAjP+rKw2MbeqLczjI3TRx2VK+9OEYY=
github.com/dchest/siphash v1.2.0 h1:YWOShuhvg0GqbQpMa60QlCGtEyf7O7HC1Jf0VjdQ60M=
github.com/dchest/siphash v1.2.0/go.mod h1:q+IRvb2gOSrUnYoPqHiyHXS0FOBBOdl6tONBlVnOnt4=
github.com/dchest/siphash v1.2.1 h1:4cLinnzVJDKxTCl9B01807Yiy+W7ZzVHj/KIroQRvT4=
github.com/dchest/siphash v1.2.1/go.mod h1:q+IRvb2gOSrUnYoPqHiyHXS0FOBBOdl6tONBlVnOnt4=
github.com/decred/base58 v1.0.0 h1:BVi1FQCThIjZ0ehG+I99NJ51o0xcc9A/fDKhmJxY6+w=
github.com/decred/base58 v1.0.0/go.mod h1:LLY1p5e3g91byL/UO1eiZaYd+uRoVRarybgcoymu9Ks=
github.com/decred/dcrd v0.0.0-20190306151227-8cbb5ae69df7 h1:IJgFhJSOZB2dAiP6//anJB3tj8IptA1LFssIVY9e3zU=
github.com/decred/dcrd v0.0.0-20190306151227-8cbb5ae69df7/go.mod h1:Va+nvEMk+9sWZwV3o5ioEKLfbfcQtfJ+aPCHnzv5wgk=
github.com/decred/dcrd v1.3.0 h1:EEXm7BdiROfazDtuFsOu9mfotnyy00bgCuVwUqaszFo=
github.com/decred/dcrd v1.3.0/go.mod h1:nKj+u7kRvnCn4O3W/nURofZ/qGjEx8M30nP4/TT2oks=
github.com/decred/dcrd/addrmgr v1.0.2 h1:BfJoFEkdDDhaQSsx9NkVOTiOTUbEevbVf+aYRQSIAmU=
github.com/decred/dcrd/addrmgr v1.0.2/go.mod h1:gNnmTuf/Xkg8ZX3j5GXbajzPrSdf5bA7HitO2bjmq0Q=
github.com/decred/dcrd/bech32 v0.0.0-20190306151227-8cbb5ae69df7/go.mod h1:5Eng/MFsKR8KKDeSxGZdYpGs8CIKxiedcqYddVqQuj0=
github.com/decred/dcrd/bech32 v0.0.0-20190429225806-70c14042d837/go.mod h1:5Eng/MFsKR8KKDeSxGZdYpGs8CIKxiedcqYddVqQuj0=
github.com/decred/dcrd/blockchain v0.0.0-20190306151227-8cbb5ae69df7 h1:sAl2MEGSa3fkFAdMkAYxQEe6DTilNDDmAakR3YL+/dE=
github.com/decred/dcrd/blockchain v0.0.0-20190306151227-8cbb5ae69df7/go.mod h1:BDemivIs298g6jk3K9OdABoxkJrn0TZ4c/Fkwkh7NBk=
github.com/decred/dcrd/blockchain v1.0.0/go.mod h1:nNMgOz12wlasmEJDCuSuMWYSnjDdmB4l38GKuQ/Yd+8=
github.com/decred/dcrd/blockchain v1.0.1/go.mod h1:R/4XnwNOTj5IP8jQIUzrJ8zhr/7EOk09IMODwBamZoI=
github.com/decred/dcrd/blockchain v1.0.2 h1:+gJFfgv5LK+LcadyoiMln838/aU3rxDd0Smqogd6fkA=
github.com/decred/dcrd/blockchain v1.0.2/go.mod h1:R/4XnwNOTj5IP8jQIUzrJ8zhr/7EOk09IMODwBamZoI=
github.com/decred/dcrd/blockchain v1.1.1 h1:CWr90sZ2YLQz84EGT+X/pzU+9AZB1eXQUy+4fsJSt5w=
github.com/decred/dcrd/blockchain v1.1.1/go.mod h1:zxi/41LgzHitpz/CZu0gxHyFHz8+ysd3lH8E3P5Uifg=
github.com/decred/dcrd/blockchain/stake v1.0.0/go.mod h1:opuzF8UouYyQyRJVF00Rdd7OgWb1WKyy1pyU0QYaxz0=
github.com/decred/dcrd/blockchain/stake v1.0.1/go.mod h1:hgoGmWMIu2LLApBbcguVpzCEEfX7M2YhuMrQdpohJzc=
github.com/decred/dcrd/blockchain/stake v1.0.2 h1:trUDgZsT5DYiwKu255k4hFtGiVEOAM9IDmP2GqOLYGU=
github.com/decred/dcrd/blockchain/stake v1.0.2/go.mod h1:hgoGmWMIu2LLApBbcguVpzCEEfX7M2YhuMrQdpohJzc=
github.com/decred/dcrd/blockchain/stake v1.1.0 h1:kCxZdQ2/UfcD+XjE3wlCv0vLKWR9ZFtjbbTTpudb74o=
github.com/decred/dcrd/blockchain/stake v1.1.0/go.mod h1:WRuaml4bcyZYza1NT3qizlLcQwMIcAQRENvZVb2t884=
github.com/decred/dcrd/certgen v1.0.1 h1:y5X+SwBUsm2R/PrFM7UiwTibsEsyhsHhvStD/TaPw+4=
github.com/decred/dcrd/certgen v1.0.1/go.mod h1:NxEyGwzPHak+h3tNLYAXU4vWuL98HrY9Z59hc1E3SGI=
github.com/decred/dcrd/certgen v1.0.2 h1:g1Wg3iy0RJzpmBFUB6Jeh+OhDvvHbEa61DwVEOgIq0k=
github.com/decred/dcrd/certgen v1.0.2/go.mod h1:NxEyGwzPHak+h3tNLYAXU4vWuL98HrY9Z59hc1E3SGI=
github.com/decred/dcrd/chaincfg v1.0.1/go.mod h1:O+443mQNPjci+WqWkKta3v2MgJn2u20YWy5mW3c2T7M=
github.com/decred/dcrd/chaincfg v1.1.1 h1:qRZkiA7ucsfsQPE/G/U1OnEUFozDl1MvM4ysJCUndLU=
github.com/decred/dcrd/chaincfg v1.1.1/go.mod h1:UlGtnp8Xx9YK+etBTybGjoFGoGXSw2bxZQuAnwfKv6I=
github.com/decred/dcrd/chaincfg v1.2.0/go.mod h1:kpoGTMIriKn5hHRSu5b65+Q9LlGUdbQcMzGujac1BVs=
github.com/decred/dcrd/chaincfg v1.3.0 h1:DEysyX1/kxlWbY97PTIPpGbMOp3+n2iixi3m9d27A6c=
github.com/decred/dcrd/chaincfg v1.3.0/go.mod h1:kpoGTMIriKn5hHRSu5b65+Q9LlGUdbQcMzGujac1BVs=
github.com/decred/dcrd/chaincfg/chainhash v1.0.1 h1:0vG7U9+dSjSCaHQKdoSKURK2pOb47+b+8FK5q4+Je7M=
github.com/decred/dcrd/chaincfg/chainhash v1.0.1/go.mod h1:OVfvaOsNLS/A1y4Eod0Ip/Lf8qga7VXCQjUQLbkY0Go=
github.com/decred/dcrd/connmgr v0.0.0-20190306151227-8cbb5ae69df7 h1:P0SREmFfAf9kyHWkaR8Vb4rfaYCKtVIBUTMp2ldrXec=
github.com/decred/dcrd/connmgr v0.0.0-20190306151227-8cbb5ae69df7/go.mod h1:sJDmSqQ08wx/aMGtGkLEoq/U268Yr0ry7+ncsAl7yyQ=
github.com/decred/dcrd/connmgr v1.0.1 h1:43QY9lVm6vFKUqLTVyYOUqhyaUoBjqj6evnyJJWA1Gk=
github.com/decred/dcrd/connmgr v1.0.1/go.mod h1:jR+woh3BTbP/35v0nHMiz6GfV1RO0uF1JA+mKeXNk04=
github.com/decred/dcrd/connmgr v1.0.2 h1:ipHJBV9fmhLi8ZZCtsNpG+kLY2c+yu59/8oOkA8BNJY=
github.com/decred/dcrd/connmgr v1.0.2/go.mod h1:jBNfQLh+454n3crgNCPrhMgZ9mVvYcMbWSCEAHsJQus=
github.com/decred/dcrd/database v1.0.0/go.mod h1:eQOhTdO3oYBshjCVxMt747CP6yKKIls6IIdqYxMRzEk=
github.com/decred/dcrd/database v1.0.1/go.mod h1:ILCeyOHFew3fZ7K2B9jl+tp5qFOap/pEGoo6Yy6Wk0g=
github.com/decred/dcrd/database v1.0.2 h1:/Q+1rxvCFUcFH3FfnzVXv+3NmVPoRZ3UQmqMr2KYReA=
github.com/decred/dcrd/database v1.0.2/go.mod h1:ILCeyOHFew3fZ7K2B9jl+tp5qFOap/pEGoo6Yy6Wk0g=
github.com/decred/dcrd/database v1.0.3 h1:e5Q3gDt9LwfvpZxYqFF3OVzgr8bGeC1cen+V3mv/CCw=
github.com/decred/dcrd/database v1.0.3/go.mod h1:TLxRwIV8x85+dxPTLAWu4mHg45TkKrrza5xzwOS1QtA=
github.com/decred/dcrd/dcrec v0.0.0-20180721005212-59fe2b293f69/go.mod h1:cRAH1SNk8Mi9hKBc/DHbeiWz/fyO8KWZR3H7okrIuOA=
github.com/decred/dcrd/dcrec v0.0.0-20180721005914-d26200ec716b/go.mod h1:cRAH1SNk8Mi9hKBc/DHbeiWz/fyO8KWZR3H7okrIuOA=
github.com/decred/dcrd/dcrec v0.0.0-20180721031028-5369a485acf6/go.mod h1:cRAH1SNk8Mi9hKBc/DHbeiWz/fyO8KWZR3H7okrIuOA=
github.com/decred/dcrd/dcrec v0.0.0-20180801202239-0761de129164/go.mod h1:cRAH1SNk8Mi9hKBc/DHbeiWz/fyO8KWZR3H7okrIuOA=
github.com/decred/dcrd/dcrec v0.0.0-20180809193022-9536f0c88fa8/go.mod h1:cRAH1SNk8Mi9hKBc/DHbeiWz/fyO8KWZR3H7okrIuOA=
github.com/decred/dcrd/dcrec v0.0.0-20180816212643-20eda7ec9229/go.mod h1:cRAH1SNk8Mi9hKBc/DHbeiWz/fyO8KWZR3H7okrIuOA=
github.com/decred/dcrd/dcrec v0.0.0-20181212181811-1a370d38d671/go.mod h1:cRAH1SNk8Mi9hKBc/DHbeiWz/fyO8KWZR3H7okrIuOA=
github.com/decred/dcrd/dcrec v0.0.0-20190130161649-59ed4247a1d5/go.mod h1:cRAH1SNk8Mi9hKBc/DHbeiWz/fyO8KWZR3H7okrIuOA=
github.com/decred/dcrd/dcrec v0.0.0-20190214012338-9265b4051009/go.mod h1:cRAH1SNk8Mi9hKBc/DHbeiWz/fyO8KWZR3H7okrIuOA=
github.com/decred/dcrd/dcrec v0.0.0-20190311054417-9a5161ce9e68 h1:B1D7mNerPowhabwwGMB8ZzLiG8gtacAt+0CcIffpKDU=
github.com/decred/dcrd/dcrec v0.0.0-20190311054417-9a5161ce9e68/go.mod h1:cRAH1SNk8Mi9hKBc/DHbeiWz/fyO8KWZR3H7okrIuOA=
github.com/decred/dcrd/dcrec/edwards v0.0.0-20180721005212-59fe2b293f69/go.mod h1:+ehP0Hk/mesyZXttxCtBbhPX23BMpZJ1pcVBqUfbmvU=
github.com/decred/dcrd/dcrec/edwards v0.0.0-20180721031028-5369a485acf6/go.mod h1:+ehP0Hk/mesyZXttxCtBbhPX23BMpZJ1pcVBqUfbmvU=
github.com/decred/dcrd/dcrec/edwards v0.0.0-20180808153611-f0e65ec62f91/go.mod h1:+ehP0Hk/mesyZXttxCtBbhPX23BMpZJ1pcVBqUfbmvU=
github.com/decred/dcrd/dcrec/edwards v0.0.0-20180809193022-9536f0c88fa8/go.mod h1:+ehP0Hk/mesyZXttxCtBbhPX23BMpZJ1pcVBqUfbmvU=
github.com/decred/dcrd/dcrec/edwards v0.0.0-20180816212643-20eda7ec9229 h1:P4lG1WayQHRBlNcTPbSwhijom93V8kDUZ8k9YmmCoHA=
github.com/decred/dcrd/dcrec/edwards v0.0.0-20180816212643-20eda7ec9229/go.mod h1:+ehP0Hk/mesyZXttxCtBbhPX23BMpZJ1pcVBqUfbmvU=
github.com/decred/dcrd/dcrec/edwards v0.0.0-20181208004914-a0816cf4301f h1:NF7vp3nZ4MsAiXswGmE//m83jCN0lDsQrLI7IwLCTlo=
github.com/decred/dcrd/dcrec/edwards v0.0.0-20181208004914-a0816cf4301f/go.mod h1:+ehP0Hk/mesyZXttxCtBbhPX23BMpZJ1pcVBqUfbmvU=
github.com/decred/dcrd/dcrec/edwards v0.0.0-20190130161649-59ed4247a1d5 h1:qA+q5URxOMLCts1hTsNlXfOOtT2d83b3Z597yupIn5A=
github.com/decred/dcrd/dcrec/edwards v0.0.0-20190130161649-59ed4247a1d5/go.mod h1:+ehP0Hk/mesyZXttxCtBbhPX23BMpZJ1pcVBqUfbmvU=
github.com/decred/dcrd/dcrec/secp256k1 v1.0.0 h1:Le54WTGdTQv7XYXpS31uhFE8LZE7ypwsIL+FgDP2x5Q=
github.com/decred/dcrd/dcrec/secp256k1 v1.0.0/go.mod h1:JPMFscGlgXTV684jxQNDijae2qrh0fLG7pJBimaYotE=
github.com/decred/dcrd/dcrec/secp256k1 v1.0.1 h1:EFWVd1p0t0Y5tnsm/dJujgV0ORogRJ6vo7CMAjLseAc=
github.com/decred/dcrd/dcrec/secp256k1 v1.0.1/go.mod h1:lhu4eZFSfTJWUnR3CFRcpD+Vta0KUAqnhTsTksHXgy0=
github.com/decred/dcrd/dcrjson v1.0.0 h1:50DnA0XeV2JrQXoHh43TCKmH+kz2gHjZ1Mj/Pdk7Oz0=
github.com/decred/dcrd/dcrjson v1.0.0/go.mod h1:ozddIaeF+EAvZZvFuB3zpfxhyxBGfvbt22crQh+PYuI=
github.com/decred/dcrd/dcrjson v1.1.0 h1:pFpbay3cWACkgloFxWjHBwlXWG2+S2QCJJzNxL40hwg=
github.com/decred/dcrd/dcrjson v1.1.0/go.mod h1:ozddIaeF+EAvZZvFuB3zpfxhyxBGfvbt22crQh+PYuI=
github.com/decred/dcrd/dcrjson v1.2.0 h1:3BFFQHq3/YO/zae9WLxQkXsX6AXKx3+M8H3yk4oXZi0=
github.com/decred/dcrd/dcrjson v1.2.0/go.mod h1:ozddIaeF+EAvZZvFuB3zpfxhyxBGfvbt22crQh+PYuI=
github.com/decred/dcrd/dcrjson/v2 v2.0.0-20190306151227-8cbb5ae69df7 h1:ushSdyhuFwb+SznRSnMQQ+ItAPt1OcsA2woYKxZfx4o=
github.com/decred/dcrd/dcrjson/v2 v2.0.0-20190306151227-8cbb5ae69df7/go.mod h1:x4dY9EiT+awLvXz4wNzGlVtzR9EXYkZglXlrnDoLI6g=
github.com/decred/dcrd/dcrjson/v2 v2.0.0 h1:W0q4Alh36c5N318eUpfmU8kXoCNgImMLI87NIXni9Us=
github.com/decred/dcrd/dcrjson/v2 v2.0.0/go.mod h1:FYueNy8BREAFq04YNEwcTsmGFcNqY+ehUUO81w2igi4=
github.com/decred/dcrd/dcrutil v1.0.0/go.mod h1:CBpbItyMKkL/4i1qPJDsE/cdSYklsWFcTYgprRZh4yk=
github.com/decred/dcrd/dcrutil v1.1.1 h1:zOkGiumN/JkobhAgpG/zfFgUoolGKVGYT5na1hbYUoE=
github.com/decred/dcrd/dcrutil v1.1.1/go.mod h1:Jsttr0pEvzPAw+qay1kS1/PsbZYPyhluiNwwY6yBJS4=
github.com/decred/dcrd/dcrutil v1.2.0 h1:Pd5Wf650g6Xu6luYDfGkh1yiUoPUAgqzRu6K+BGyJGg=
github.com/decred/dcrd/dcrutil v1.2.0/go.mod h1:tUNHS2gj7ApeEVS8gb6O+4wJW7w3O2MSRyRdcjW1JxU=
github.com/decred/dcrd/fees v1.0.0/go.mod h1:GyvtsN04nQtIY5xW0NOQM06droJOcVCgvjJuv1xMklI=
github.com/decred/dcrd/gcs v1.0.0/go.mod h1:5uHIPAzn4SdGP2/FhVBK2YdAoKmufds3ZI8yNzojUCM=
github.com/decred/dcrd/gcs v1.0.1/go.mod h1:YwutGzusSdJM79CJtxCo9t7WRCvnkLtWSD19TPo1i9g=
github.com/decred/dcrd/gcs v1.0.2 h1:wZjxeC9WPBoRApaAQpBrzvN9NA0iS2KWrTJa9IiDgc8=
github.com/decred/dcrd/gcs v1.0.2/go.mod h1:eLCvrzUsWro48TlTyrmFcZAZqnllYFz0vEv5VZtufF4=
github.com/decred/dcrd/hdkeychain v1.1.0 h1:6bFdL672dCmtg/JEzb3Jw0dTRO2jLxcA7BK2J+JaoUM=
github.com/decred/dcrd/hdkeychain v1.1.0/go.mod h1:zyUZtZ3PdnTPHt2XUr1x76b8ZuiM+9aVkP8Rq8Scp1k=
github.com/decred/dcrd/hdkeychain v1.1.1 h1:6+BwOmPfEyw/Krm+91RXysc76F1jqCta3m45DyD5+s4=
github.com/decred/dcrd/hdkeychain v1.1.1/go.mod h1:CLBVXLoO63fIiqkv38KR23zXGSgrfiAWOybOKTneLhA=
github.com/decred/dcrd/lru v1.0.0/go.mod h1:mxKOwFd7lFjN2GZYsiz/ecgqR6kkYAl+0pz0tEMk218=
github.com/decred/dcrd/mempool v1.0.1 h1:xZOfwGmVbWfKDNztVgsVO/GkMmiZn3MMfDDVE07ZKKs=
github.com/decred/dcrd/mempool v1.0.1/go.mod h1:r+/DGiiluXi1EyMCCPPH58Qu+rsr8nZv0DialAG5VZQ=
github.com/decred/dcrd/mempool v1.1.1 h1:ysFIS3HzEIJ88B1Y4OfL6wjzBurlChbKkzq54hPglGo=
github.com/decred/dcrd/mempool v1.1.1/go.mod h1:u1I2KRv9UHhx2crlbZXYoLDabWyQ8VnnHDSG53UdhCA=
github.com/decred/dcrd/mempool/v2 v2.0.0 h1:QoQC5Lri311unqCr/PejBEwNERWMSWtnSa7bpBFZjbQ=
github.com/decred/dcrd/mempool/v2 v2.0.0/go.mod h1:/AH0mFOKCglSdEDubF3oRDbWUmDj26gwnrIlFsr+lbM=
github.com/decred/dcrd/mining v1.0.0/go.mod h1:VA5H4zhJgXb8LK5lqM5H58dhMRXJRcaQQoX3G8QRpP8=
github.com/decred/dcrd/mining v1.0.1 h1:BSeywfR4kZyIziS1jc6VlCpdRIr7GB3SZXo3l2tLxOs=
github.com/decred/dcrd/mining v1.0.1/go.mod h1:+CSOLPi7TM8OlQg7mJ7XzWLXCDb4nHK8R6cvXOzhEoU=
github.com/decred/dcrd/mining v1.1.0 h1:9Wtla+i+pEjfYsNCfixsipmyyoB26DgL4LSXWAin/zw=
github.com/decred/dcrd/mining v1.1.0/go.mod h1:NQEtX604XgNwKcPFId1hVTTiBqmVQDlnqV1yNqGl4oU=
github.com/decred/dcrd/peer v0.0.0-20190306151227-8cbb5ae69df7/go.mod h1:5aT5oTf+/8DixHrsQ8fhpD1uqvlUzmvVStBEs7NfsGw=
github.com/decred/dcrd/peer v1.0.1/go.mod h1:h5uop/qKTVdTuK0rd19PqRYmugZgDSMlqWXgcl09IKE=
github.com/decred/dcrd/rpcclient v1.0.1/go.mod h1:tApXK3wwrAQtz7lcXeeqBwuktUZesvrFfvhAdedYqdM=
github.com/decred/dcrd/rpcclient v1.1.0 h1:nQZ1qOJaLYoOTM1oQ2dLaqocb5TWI7gNBK+BTY7UVXk=
github.com/decred/dcrd/rpcclient v1.1.0/go.mod h1:SCwBs4d+aqRV2ChnriIZ1y/LgNVHG/2ieEC1vIop82s=
github.com/decred/dcrd/rpcclient/v2 v2.0.0-20190306151227-8cbb5ae69df7 h1:tibmjnVZH+GshwbkE/OiFzt5hZvinAj4C1kyW12eWPQ=
github.com/decred/dcrd/rpcclient/v2 v2.0.0-20190306151227-8cbb5ae69df7/go.mod h1:M9vimgZXZ2E46MdMnzdlBaz22F7+oImLD8+5qRgFr70=
github.com/decred/dcrd/rpcclient/v2 v2.0.0 h1:Zy9twdEaOGUdCj/89LAs/IrStm6FcabxzBve4UsA73A=
github.com/decred/dcrd/rpcclient/v2 v2.0.0/go.mod h1:9XjbRHBSNqN+DXz8I47gUZszvVjvugqLGK8TZQ4c/u0=
github.com/decred/dcrd/txscript v1.0.0/go.mod h1:9byvrOaBSBVVnDG7Cm0JgN8bZytl1oi9Ba245VBeI18=
github.com/decred/dcrd/txscript v1.0.1 h1:IMgxZFCw3AyG4EbKwywE3SDNshOSHsoUK1Wk/5GqWJ0=
github.com/decred/dcrd/txscript v1.0.1/go.mod h1:FqUX07Y+u3cJ1eIGPoyWbJg+Wk1NTllln/TyDpx9KnY=
github.com/decred/dcrd/txscript v1.0.2 h1:kzJZDuteyzvI15VNhtgFHxeeq210RTkFyfzN7d+1iPo=
github.com/decred/dcrd/txscript v1.0.2/go.mod h1:hmUOHFlOjU7H6T/czt6kurWwXJvGPGKKGtXoft6w/qY=
github.com/decred/dcrd/wire v1.0.1/go.mod h1:zpKZnBiN59CrzfXFigwgXmUDVYf34OLbEr8xwAwriHc=
github.com/decred/dcrd/wire v1.1.0 h1:G+3CugtxNbToUN8RKWqm74yLfzJJ2BKMOr2RgWc4TyY=
github.com/decred/dcrd/wire v1.1.0/go.mod h1:/JKOsLInOJu6InN+/zH5AyCq3YDIOW/EqcffvU8fJHM=
github.com/decred/dcrd/wire v1.2.0 h1:HqJVB7vcklIguzFWgRXw/WYCQ9cD3bUC5TKj53i1Hng=
github.com/decred/dcrd/wire v1.2.0/go.mod h1:/JKOsLInOJu6InN+/zH5AyCq3YDIOW/EqcffvU8fJHM=
github.com/decred/dcrlnd v0.1.0 h1:fkEjg4t9YMaEIBPlIRm0+ks5TW2zprD3U89XPAiZWj4=
github.com/decred/dcrlnd v0.1.0/go.mod h1:xEW7PWl798g5SyBo84n1hvyDUyOG8xWJXpW2yiSQXmE=
github.com/decred/dcrwallet v0.0.0-20190322135901-7e0e5a4227d7 h1:6hITfNinCXoNhufVaMyuC2cG87GHdSICnE+iQiJYI6s=
github.com/decred/dcrwallet v0.0.0-20190322135901-7e0e5a4227d7/go.mod h1:+vzDWHEei0sl7+UjyuHn9Ldmcro+SgL+f4PpoMPM+CY=
github.com/decred/dcrwallet v1.2.2 h1:NdI13wxP+OsWKXPqjWQQ9VSGAl4VoSLBfAunzFreeJg=
github.com/decred/dcrwallet v1.2.2/go.mod h1:BrSus0F+Rx8UhvPNBfuRMIjRJBNrW2sLspN9iQR5hm8=
github.com/decred/dcrwallet v1.2.3-0.20190430192143-623f06fc14ab h1:fdv9wt1oWbPYS8n3PI17a4TBk7gzqn9vqi+fPFaZ9cw=
github.com/decred/dcrwallet v1.2.3-0.20190430192143-623f06fc14ab/go.mod h1:+vzDWHEei0sl7+UjyuHn9Ldmcro+SgL+f4PpoMPM+CY=
github.com/decred/dcrwallet/chain v1.0.0 h1:wiFXzRwdsTykIrpIFdhXCFUu0RQafsuUiPfop6RKscc=
github.com/decred/dcrwallet/chain v1.0.0/go.mod h1:KpZFaKlKajfUZt36+RmBn2HKwTbwoa3yt9HPALqlShI=
github.com/decred/dcrwallet/chain v1.1.1 h1:YUJ1ArUaN/WuMnTP1PvfirNaqIQO9+UUNDifhnJ8QQQ=
github.com/decred/dcrwallet/chain v1.1.1/go.mod h1:2kA82rBDkCKOSYFV+Q14RZNCuYwdaQ9uO/c+RixqRNs=
github.com/decred/dcrwallet/chain/v2 v2.0.0 h1:6H2FrG9wd0PRXCWvsco7rvzBvklKn3tgT/zYkOl/3bU=
github.com/decred/dcrwallet/chain/v2 v2.0.0/go.mod h1:xWVdMP0lbZbArXa56NsxPXYScjQ47VSQA6FWrRkZcHE=
github.com/decred/dcrwallet/deployments v1.0.0/go.mod h1:0bWER/DAYoGbzkWzbUf6k2agW4YkSyvNLZDhBGThz/4=
github.com/decred/dcrwallet/deployments v1.1.0 h1:83arg+7ct7PS1H2IYhuePnrBK2rkVpEYWKqrJpCwtHA=
github.com/decred/dcrwallet/deployments v1.1.0/go.mod h1:8Sasryu8SX23Jvqr6maZ7MoS7wFIGXupWzbsVtcZsUg=
github.com/decred/dcrwallet/errors v1.0.0 h1:XjSILZ2mK5HqWYlhdBpsm+CimFDqDB+hY3tuX0Yh0Jo=
github.com/decred/dcrwallet/errors v1.0.0/go.mod h1:XUm95dWmm9XmQGvneBXJkkIaFeRsQVBB6ni/KTy1hrY=
github.com/decred/dcrwallet/errors v1.0.1 h1:8EF7IY6twRlo9sqWaSfm8abfi2/rHZ1wacOiGvBy+bM=
github.com/decred/dcrwallet/errors v1.0.1/go.mod h1:XUm95dWmm9XmQGvneBXJkkIaFeRsQVBB6ni/KTy1hrY=
github.com/decred/dcrwallet/internal/helpers v1.0.0 h1:1vTGwaky26Wnqv+/L4RE6j4sZ5QaKFFPuMxP333Ba8E=
github.com/decred/dcrwallet/internal/helpers v1.0.0/go.mod h1:FsihtjCyFrGL6gdmkxBWTYQ1CUgbfM9tyinYNOzLnlk=
github.com/decred/dcrwallet/internal/helpers v1.0.1 h1:oEqfJPs1uI7QI0Aejx2MUWq/yD609cc9Z8P7vQ6cDz8=
github.com/decred/dcrwallet/internal/helpers v1.0.1/go.mod h1:qIXcze8VZ+A3sEgZou7PTOe4Vsnmks54SGTSGZ6084g=
github.com/decred/dcrwallet/internal/zero v1.0.0 h1:MR6ky05JuVQ/3hiG3Wuuw47iHg5Bs/oVIHz3c1Lh6n0=
github.com/decred/dcrwallet/internal/zero v1.0.0/go.mod h1:vULuNLRTcnifKCepcIxUDL4jrR3rJOwVR9UDH89Qpms=
github.com/decred/dcrwallet/internal/zero v1.0.1 h1:hO7orPk13AFp7pFTL739CbVLKImSNorI2J9/tiucNQY=
github.com/decred/dcrwallet/internal/zero v1.0.1/go.mod h1:mXUIsKATE1pIaNAJQ4lhSTX6c9N5sYoSrlScgRCaMJs=
github.com/decred/dcrwallet/lru v1.0.0 h1:vz71/Wa2890CUQeWsOTI6u6iGGfXGAhIQ/hnqMUh6Xc=
github.com/decred/dcrwallet/lru v1.0.0/go.mod h1:jEty7mdT5VaaV06DEV2Avv0R3HpGvUwvDW4lw8ECtiY=
github.com/decred/dcrwallet/p2p v1.0.0 h1:i0wn4Z0hrBZXXDhETfef+fFyU581on0p7hY7GcjavGM=
github.com/decred/dcrwallet/p2p v1.0.0/go.mod h1:b1CLZAkl/K5dr5I5B4SdFT8FrE11jSkfA4VAA862ACA=
github.com/decred/dcrwallet/p2p v1.0.1 h1:UTsD5I8YtWVf2SEg0mSd5+hIlp7Ihj3rS2PZ9P5cXVI=
github.com/decred/dcrwallet/p2p v1.0.1/go.mod h1:FsoAR0cBOLW3VKMg+Tdx+wdSezR7g8NGOdz4fx6gtpM=
github.com/decred/dcrwallet/pgpwordlist v1.0.0 h1:H7Y3+yRZq7PXMPfpKLMnY5TKTjTWhc0oJmyN7v8tC/M=
github.com/decred/dcrwallet/pgpwordlist v1.0.0/go.mod h1:Fek3uYn+9DnEFIreA/8PnTIXUl2lBO64JpEBkL9BXtk=
github.com/decred/dcrwallet/rpc/jsonrpc/types v1.0.0 h1:FPVohgxZHHwi7qTOBki/Dw9j5cgGsZYiktGSfgqHR0w=
github.com/decred/dcrwallet/rpc/jsonrpc/types v1.0.0/go.mod h1:k+IOPnUY0YqlwhSDhczzaUN17NX/gMtztwl3UxKgVZY=
github.com/decred/dcrwallet/rpc/walletrpc v0.1.0/go.mod h1:Zp1ZFTCUo7S6MJvUyS5tYfaDUxGAMHkZ+vbsLgAdd4A=
github.com/decred/dcrwallet/rpc/walletrpc v0.2.0/go.mod h1:uhjgcju9lSb/+42Ms4VY1zpBOxstCLM5wVlL3mq/SYc=
github.com/decred/dcrwallet/spv v1.0.0 h1:TrSDQ8689E5xAJLpBek85Z4ESJu3U4RiVz2Ne81LjLs=
github.com/decred/dcrwallet/spv v1.0.0/go.mod h1:lz39nz9P/HVoxYa4XAT6ithyR3WgdF0oVu4jtFwnCxE=
github.com/decred/dcrwallet/spv v1.1.1 h1:G5yXkoiO4LOh3Ba+qvyUIjF2dChOXpiuRCPpjYzzhZw=
github.com/decred/dcrwallet/spv v1.1.1/go.mod h1:HYfF+A1F+Apf0WPT6QRsG/gfvaFQmWObAytq8pWc6ME=
github.com/decred/dcrwallet/spv/v2 v2.0.0 h1:JrU7rf9sL8hZwP3yPSv8bKVEXC99Glhf10Y7KiUyzN4=
github.com/decred/dcrwallet/spv/v2 v2.0.0/go.mod h1:2usXom73CRn2wjPJAEPtn+RiXLJPcIlb4aqgjn3+Dog=
github.com/decred/dcrwallet/ticketbuyer v1.0.0/go.mod h1:mrAlRjOJ6txO8Zyqo5koxVOMEYLK2POUX35a/QcKN8g=
github.com/decred/dcrwallet/ticketbuyer v1.0.2 h1:vEcUSwCGZolg8fxSJ8+mW2XCdZ6J9LtwxCxRPdcpbQk=
github.com/decred/dcrwallet/ticketbuyer v1.0.2/go.mod h1:oDHY0TOFIaQjZ11TJbgztC5tt1zi6wKoRmyQMmwfft4=
github.com/decred/dcrwallet/ticketbuyer/v2 v2.0.0/go.mod h1:VKo2PjXAlF/E46tSBKrIgqKbVcHVLfM5ACyOehT1unA=
github.com/decred/dcrwallet/ticketbuyer/v2 v2.0.1 h1:RLCly+fnbrMXzWVi4a4cUU2sGWi56e7UPJq9GHoe1iw=
github.com/decred/dcrwallet/ticketbuyer/v2 v2.0.1/go.mod h1:ngtx8I/+Jo+U+E/5XjwCkmU55wCGtUbaDnCP5qazNGM=
github.com/decred/dcrwallet/ticketbuyer/v3 v3.0.0/go.mod h1:gVrHqQSymQsOz4IkFv7Z8s+c3o7gyw2EBS5j+arrzlg=
github.com/decred/dcrwallet/validate v1.0.0/go.mod h1:zHIlcrjAWl6LK+X+R7jc3F9wIM/qxjtMjG/mdEwt4tY=
github.com/decred/dcrwallet/validate v1.0.1 h1:TAAmrfvILPG2NnFvc5510SGxzn/GW6/377pCEnBctlc=
github.com/decred/dcrwallet/validate v1.0.1/go.mod h1:9DCtLFnnTOC/7PKkF7jehvDyHkfUBl41ZbcT1u4PmQM=
github.com/decred/dcrwallet/validate v1.0.2 h1:EXY48b3SOkTGXJAB+OUmilvyFNROZywYIWTGYfUnTDE=
github.com/decred/dcrwallet/validate v1.0.2/go.mod h1:1ur2sRZkQ23ECalUKdwgx6rdIiP8rIiaSQAz1Y9LQsI=
github.com/decred/dcrwallet/version v1.0.0 h1:xGQFL8KXKZspugiek04y3kaqhiTYRV9S0EzH2QpTQMs=
github.com/decred/dcrwallet/version v1.0.0/go.mod h1:rXeMsUaI03WtlQrSol7Q7sJ8HBOB+tZvT7YQRXD5Y7M=
github.com/decred/dcrwallet/version v1.0.1 h1:gAz1lDkcJ+oAbg0tOn/J0KwZBVWIlhWmHhSUi9GbB2E=
github.com/decred/dcrwallet/version v1.0.1/go.mod h1:rXeMsUaI03WtlQrSol7Q7sJ8HBOB+tZvT7YQRXD5Y7M=
github.com/decred/dcrwallet/wallet v1.0.0 h1:vZWfbcsw4QJqOvvWKHo6ls+apjmtqMnbuqf33w+arvk=
github.com/decred/dcrwallet/wallet v1.0.0/go.mod h1:VWRnpNFRiKPo7FUPbzj0t5ElcGxNXMPIa4vGcGe94uM=
github.com/decred/dcrwallet/wallet v1.1.0/go.mod h1:g4OzDG7jpsRqTDP3bHiA0LIEZFx81accYPCkO1DBNT8=
github.com/decred/dcrwallet/wallet v1.3.0 h1:RQ4uHIfbDF0ppyeVDkTr7GapeABCddUUKOSexTN7X1M=
github.com/decred/dcrwallet/wallet v1.3.0/go.mod h1:ItOhnw3C4znuLQVWACSq8jCLy221v9X0Xo0b/j5WqgU=
github.com/decred/dcrwallet/wallet/v2 v2.0.0-20190322135901-7e0e5a4227d7 h1:xanH8QgZhoHS7A4MZjYmmUfkl64xVE+/IC1Ryx3+EBU=
github.com/decred/dcrwallet/wallet/v2 v2.0.0-20190322135901-7e0e5a4227d7/go.mod h1:/nNjau7GMVEfduKPRwEt0aCGBvriVsslFaMAsdl8m5Q=
github.com/decred/dcrwallet/wallet/v2 v2.0.0 h1:ppSLjwu3DHmRWdnRbN53fu9AFjY0MqK40jzbZQAouG8=
github.com/decred/dcrwallet/wallet/v2 v2.0.0/go.mod h1:uDSN0GRTH583eSnPyPiTXNcZ9DrQ2tBqdm/tjp5rjwY=
github.com/decred/dcrwallet/walletseed v1.0.0/go.mod h1:xSF6hZW+5Xhm0jJFsI5jQSfViuZUQJoDXa/cQxtgncs=
github.com/decred/dcrwallet/walletseed v1.0.1 h1:gxvlj0GRw+H0VumCxTlEysu+/nltcp9+lgzVgzsnI/Y=
github.com/decred/dcrwallet/walletseed v1.0.1/go.mod h1:ENlwTabC2JVmT4S1eCP44fnwX4+9y2RLsnfSU21CJ+4=
github.com/decred/lightning-onion v0.0.0-20190321210301-95556fb4cc37 h1:qJyp/EHHIs6kVfVyyBUBWXFAl+WzH6wW5TiV/AvijTQ=
github.com/decred/lightning-onion v0.0.0-20190321210301-95556fb4cc37/go.mod h1:TwyhUe01c1CXfXO8DfJVFHVx38IbK7c77VFbG38UNhM=
github.com/decred/slog v1.0.0 h1:Dl+W8O6/JH6n2xIFN2p3DNjCmjYwvrXsjlSJTQQ4MhE=
github.com/decred/slog v1.0.0/go.mod h1:zR98rEZHSnbZ4WHZtO0iqmSZjDLKhkXfrPTZQKtAonQ=
github.com/dgraph-io/badger v1.5.4 h1:gVTrpUTbbr/T24uvoCaqY2KSHfNLVGm0w+hbee2HMeg=
github.com/dgraph-io/badger v1.5.4/go.mod h1:VZxzAIRPHRVNRKRo6AXrX9BJegn6il06VMTZVJYCIjQ=
github.com/dgryski/go-farm v0.0.0-20190104051053-3adb47b1fb0f h1:dDxpBYafY/GYpcl+LS4Bn3ziLPuEdGRkRjYAbSlWxSA=
github.com/dgryski/go-farm v0.0.0-20190104051053-3adb47b1fb0f/go.mod h1:SqUrOPUnsFjfmXRMNPybcSiG0BgUW2AuFH8PAnS2iTw=
github.com/fsnotify/fsnotify v1.4.7 h1:IXs+QLmnXW2CcXuY+8Mzv/fWEsPGWxqefPtCP5CnV9I=
github.com/fsnotify/fsnotify v1.4.7/go.mod h1:jwhsz4b93w/PPRr/qN1Yymfu8t87LnFCMoQvtojpjFo=
github.com/go-errors/errors v1.0.1 h1:LUHzmkK3GUKUrL/1gfBUxAHzcev3apQlezX/+O7ma6w=
github.com/go-errors/errors v1.0.1/go.mod h1:f4zRHt4oKfwPJE5k8C9vpYG+aDHdBFUsgrm6/TyX73Q=
github.com/golang/glog v0.0.0-20160126235308-23def4e6c14b/go.mod h1:SBH7ygxi8pfUlaOkMMuAQtPIUF8ecWP5IEl/CR7VP2Q=
github.com/golang/lint v0.0.0-20180702182130-06c8688daad7/go.mod h1:tluoj9z5200jBnyusfRPU2LqT6J+DAorxEvtC7LHB+E=
github.com/golang/mock v1.1.1/go.mod h1:oTYuIxOrZwtPieC+H1uAHpcLFnEyAGVDL/k47Jfbm0A=
github.com/golang/protobuf v1.1.0 h1:0iH4Ffd/meGoXqF2lSAhZHt8X+cPgkfn/cb6Cce5Vpc=
github.com/golang/protobuf v1.1.0/go.mod h1:6lQm79b+lXiMfvg/cZm0SGofjICqVBUtrP5yJMmIC1U=
github.com/golang/protobuf v1.2.0 h1:P3YflyNX/ehuJFLhxviNdFxQPkGK5cDcApsge1SqnvM=
github.com/golang/protobuf v1.2.0/go.mod h1:6lQm79b+lXiMfvg/cZm0SGofjICqVBUtrP5yJMmIC1U=
github.com/golang/snappy v0.0.0-20180518054509-2e65f85255db h1:woRePGFeVFfLKN/pOkfl+p/TAqKOfFu+7KPlMVpok/w=
github.com/golang/snappy v0.0.0-20180518054509-2e65f85255db/go.mod h1:/XxbfmMg8lxefKM7IXC3fBNl/7bRcc72aCRzEWrmP2Q=
github.com/gorilla/websocket v1.2.0 h1:VJtLvh6VQym50czpZzx07z/kw9EgAxI3x1ZB8taTMQQ=
github.com/gorilla/websocket v1.2.0/go.mod h1:E7qHFY5m1UJ88s3WnNqhKjPHQ0heANvMoAMk2YaljkQ=
github.com/gorilla/websocket v1.4.0 h1:WDFjx/TMzVgy9VdMMQi2K2Emtwi2QcUQsztZ/zLaH/Q=
github.com/gorilla/websocket v1.4.0/go.mod h1:E7qHFY5m1UJ88s3WnNqhKjPHQ0heANvMoAMk2YaljkQ=
github.com/grpc-ecosystem/grpc-gateway v1.6.4/go.mod h1:RSKVYQBd5MCa4OVpNdGskqpgL2+G+NZTnrVHpWWfpdw=
github.com/hpcloud/tail v1.0.0 h1:nfCOvKYfkgYP8hkirhJocXT2+zOD8yUNjXaWfTlyFKI=
github.com/hpcloud/tail v1.0.0/go.mod h1:ab1qPbhIpdTxEkNHXyeSf5vhxWSCs/tWer42PpOxQnU=
github.com/jackpal/gateway v1.0.5/go.mod h1:lTpwd4ACLXmpyiCTRtfiNyVnUmqT9RivzCDQetPfnjA=
github.com/jackpal/go-nat-pmp v0.0.0-20170405195558-28a68d0c24ad/go.mod h1:QPH045xvCAeXUZOxsnwmrtiCoxIr9eob+4orBN1SBKc=
github.com/jessevdk/go-flags v1.4.0/go.mod h1:4FA24M0QyGHXBuZZK/XkWh8h0e1EYbRYJSGM75WSRxI=
github.com/jrick/bitset v1.0.0 h1:Ws0PXV3PwXqWK2n7Vz6idCdrV/9OrBXgHEJi27ZB9Dw=
github.com/jrick/bitset v1.0.0/go.mod h1:ZOYB5Uvkla7wIEY4FEssPVi3IQXa02arznRaYaAEPe4=
github.com/jrick/logrotate v1.0.0 h1:lQ1bL/n9mBNeIXoTUoYRlK4dHuNJVofX9oWqBtPnSzI=
github.com/jrick/logrotate v1.0.0/go.mod h1:LNinyqDIJnpAur+b8yyulnQw/wDuN1+BYKlTRt3OuAQ=
github.com/juju/clock v0.0.0-20180808021310-bab88fc67299/go.mod h1:nD0vlnrUjcjJhqN5WuCWZyzfd5AHZAC9/ajvbSx69xA=
github.com/juju/errors v0.0.0-20181118221551-089d3ea4e4d5/go.mod h1:W54LbzXuIE0boCoNJfwqpmkKJ1O4TCTZMetAt6jGk7Q=
github.com/juju/loggo v0.0.0-20180524022052-584905176618/go.mod h1:vgyd7OREkbtVEN/8IXZe5Ooef3LQePvuBm9UWj6ZL8U=
github.com/juju/retry v0.0.0-20180821225755-9058e192b216/go.mod h1:OohPQGsr4pnxwD5YljhQ+TZnuVRYpa5irjugL1Yuif4=
github.com/juju/testing v0.0.0-20180920084828-472a3e8b2073/go.mod h1:63prj8cnj0tU0S9OHjGJn+b1h0ZghCndfnbQolrYTwA=
github.com/juju/utils v0.0.0-20180820210520-bf9cc5bdd62d/go.mod h1:6/KLg8Wz/y2KVGWEpkK9vMNGkOnu4k/cqs8Z1fKjTOk=
github.com/juju/version v0.0.0-20180108022336-b64dbd566305/go.mod h1:kE8gK5X0CImdr7qpSKl3xB2PmpySSmfj7zVbkZFs81U=
github.com/kisielk/gotool v1.0.0/go.mod h1:XhKaO+MFFWcvkIS/tQcRk01m1F5IRFswLeQ+oQHNcck=
github.com/kkdai/bstream v0.0.0-20181106074824-b3251f7901ec h1:n1NeQ3SgUHyISrjFFoO5dR748Is8dBL9qpaTNfphQrs=
github.com/kkdai/bstream v0.0.0-20181106074824-b3251f7901ec/go.mod h1:J+Gs4SYgM6CZQHDETBtE9HaSEkGmuNXF86RwHhHUvq4=
github.com/kr/pretty v0.1.0 h1:L/CwN0zerZDmRFUapSPitk6f+Q3+0za1rQkzVuMiMFI=
github.com/kr/pretty v0.1.0/go.mod h1:dAy3ld7l9f0ibDNOQOHHMYYIIbhfbHSm3C4ZsoJORNo=
github.com/kr/pty v1.1.1/go.mod h1:pFQYn66WHrOpPYNljwOMqo10TkYh1fy3cYio2l3bCsQ=
github.com/kr/pty v1.1.2/go.mod h1:pFQYn66WHrOpPYNljwOMqo10TkYh1fy3cYio2l3bCsQ=
github.com/kr/text v0.1.0 h1:45sCR5RtlFHMR4UwH9sdQ5TC8v0qDQCHnXt+kaKSTVE=
github.com/kr/text v0.1.0/go.mod h1:4Jbv+DJW3UT/LiOwJeYQe1efqtUx/iVham/4vfdArNI=
github.com/miekg/dns v1.1.3 h1:1g0r1IvskvgL8rR+AcHzUA+oFmGcQlaIm4IqakufeMM=
github.com/miekg/dns v1.1.3/go.mod h1:W1PPwlIAgtquWBMBEV9nkV9Cazfe8ScdGz/Lj7v3Nrg=
github.com/onsi/ginkgo v1.6.0 h1:Ix8l273rp3QzYgXSR+c8d1fTG7UPgYkOSELPhiY/YGw=
github.com/onsi/ginkgo v1.6.0/go.mod h1:lLunBs/Ym6LB5Z9jYTR76FiuTmxDTDusOGeTQH+WWjE=
github.com/onsi/ginkgo v1.7.0/go.mod h1:lLunBs/Ym6LB5Z9jYTR76FiuTmxDTDusOGeTQH+WWjE=
github.com/onsi/gomega v1.4.1 h1:PZSj/UFNaVp3KxrzHOcS7oyuWA7LoOY/77yCTEFu21U=
github.com/onsi/gomega v1.4.1/go.mod h1:C1qb7wdrVGGVU+Z6iS04AVkA3Q65CEZX59MT0QO5uiA=
github.com/onsi/gomega v1.4.3/go.mod h1:ex+gbHU/CVuBBDIJjb2X0qEXbFg53c61hWP/1CpauHY=
github.com/pkg/errors v0.8.1 h1:iURUrRGxPUNPdy5/HRSm+Yj6okJ6UtLINN0Q9M4+h3I=
github.com/pkg/errors v0.8.1/go.mod h1:bwawxfHBFNV+L2hUp1rHADufV3IMtnDRdf1r5NINEl0=
github.com/pmezard/go-difflib v1.0.0 h1:4DBwDE0NGyQoBHbLQYPwSUPoCMWR5BEzIk/f1lZbAQM=
github.com/pmezard/go-difflib v1.0.0/go.mod h1:iKH77koFhYxTK1pcRnkKkqfTogsbg7gZNVY4sRDYZ/4=
github.com/rogpeppe/fastuuid v0.0.0-20150106093220-6724a57986af/go.mod h1:XWv6SoW27p1b0cqNHllgS5HIMJraePCO15w5zCzIWYg=
github.com/stretchr/testify v1.2.2 h1:bSDNvY7ZPG5RlJ8otE/7V6gMiyenm9RtJ7IUVIAoJ1w=
github.com/stretchr/testify v1.2.2/go.mod h1:a8OnRcib4nhh0OaRAV+Yts87kKdq0PP7pXfy6kDkUVs=
github.com/tv42/zbase32 v0.0.0-20160707012821-501572607d02/go.mod h1:tHlrkM198S068ZqfrO6S8HsoJq2bF3ETfTL+kt4tInY=
github.com/urfave/cli v1.20.0/go.mod h1:70zkFmudgCuE/ngEzBv17Jvp/497gISqfk5gWijbERA=
github.com/vmihailenco/msgpack v4.0.1+incompatible h1:RMF1enSPeKTlXrXdOcqjFUElywVZjjC6pqse21bKbEU=
github.com/vmihailenco/msgpack v4.0.1+incompatible/go.mod h1:fy3FlTQTDXWkZ7Bh6AcGMlsjHatGryHQYUTf1ShIgkk=
gitlab.com/NebulousLabs/fastrand v0.0.0-20181126182046-603482d69e40/go.mod h1:rOnSnoRyxMI3fe/7KIbVcsHRGxe30OONv8dEgo+vCfA=
gitlab.com/NebulousLabs/go-upnp v0.0.0-20181011194642-3a71999ed0d3/go.mod h1:sleOmkovWsDEQVYXmOJhx69qheoMTmCuPYyiCFCihlg=
go.etcd.io/bbolt v1.3.0 h1:oY10fI923Q5pVCVt1GBTZMn8LHo5M+RCInFpeMnV4QI=
go.etcd.io/bbolt v1.3.0/go.mod h1:IbVyRI1SCnLcuJnV2u8VeU0CEYM7e686BmAb1XKL+uU=
go.etcd.io/bbolt v1.3.2 h1:Z/90sZLPOeCy2PwprqkFa25PdkusRzaj9P8zm/KNyvk=
go.etcd.io/bbolt v1.3.2/go.mod h1:IbVyRI1SCnLcuJnV2u8VeU0CEYM7e686BmAb1XKL+uU=
golang.org/x/crypto v0.0.0-20180718160520-a2144134853f/go.mod h1:6SG95UA2DQfeDnfUPMdvaQW0Q7yPrPDi9nlGo2tz2b4=
golang.org/x/crypto v0.0.0-20180808211826-de0752318171 h1:vYogbvSFj2YXcjQxFHu/rASSOt9sLytpCaSkiwQ135I=
golang.org/x/crypto v0.0.0-20180808211826-de0752318171/go.mod h1:6SG95UA2DQfeDnfUPMdvaQW0Q7yPrPDi9nlGo2tz2b4=
golang.org/x/crypto v0.0.0-20181203042331-505ab145d0a9 h1:mKdxBk7AujPs8kU4m80U72y/zjbZ3UcXC7dClwKbUI0=
golang.org/x/crypto v0.0.0-20181203042331-505ab145d0a9/go.mod h1:6SG95UA2DQfeDnfUPMdvaQW0Q7yPrPDi9nlGo2tz2b4=
golang.org/x/crypto v0.0.0-20190131182504-b8fe1690c613/go.mod h1:6SG95UA2DQfeDnfUPMdvaQW0Q7yPrPDi9nlGo2tz2b4=
golang.org/x/crypto v0.0.0-20190211182817-74369b46fc67/go.mod h1:6SG95UA2DQfeDnfUPMdvaQW0Q7yPrPDi9nlGo2tz2b4=
golang.org/x/crypto v0.0.0-20190320223903-b7391e95e576 h1:aUX/1G2gFSs4AsJJg2cL3HuoRhCSCz733FE5GUSuaT4=
golang.org/x/crypto v0.0.0-20190320223903-b7391e95e576/go.mod h1:djNgcEr1/C05ACkg1iLfiJU5Ep61QUkGW8qpdssI0+w=
golang.org/x/lint v0.0.0-20180702182130-06c8688daad7/go.mod h1:UVdnD1Gm6xHRNCYTkRU2/jEulfH38KcIWyp/GAMgvoE=
golang.org/x/lint v0.0.0-20181026193005-c67002cb31c3/go.mod h1:UVdnD1Gm6xHRNCYTkRU2/jEulfH38KcIWyp/GAMgvoE=
golang.org/x/net v0.0.0-20180719180050-a680a1efc54d/go.mod h1:mL1N/T3taQHkDXs73rZJwtUhF3w3ftmwwsq0BUmARs4=
golang.org/x/net v0.0.0-20180724234803-3673e40ba225/go.mod h1:mL1N/T3taQHkDXs73rZJwtUhF3w3ftmwwsq0BUmARs4=
golang.org/x/net v0.0.0-20180808004115-f9ce57c11b24 h1:mEsFm194MmS9vCwxFy+zwu0EU7ZkxxMD1iH++vmGdUY=
golang.org/x/net v0.0.0-20180808004115-f9ce57c11b24/go.mod h1:mL1N/T3taQHkDXs73rZJwtUhF3w3ftmwwsq0BUmARs4=
golang.org/x/net v0.0.0-20180826012351-8a410e7b638d/go.mod h1:mL1N/T3taQHkDXs73rZJwtUhF3w3ftmwwsq0BUmARs4=
golang.org/x/net v0.0.0-20180906233101-161cd47e91fd/go.mod h1:mL1N/T3taQHkDXs73rZJwtUhF3w3ftmwwsq0BUmARs4=
golang.org/x/net v0.0.0-20181106065722-10aee1819953/go.mod h1:mL1N/T3taQHkDXs73rZJwtUhF3w3ftmwwsq0BUmARs4=
golang.org/x/net v0.0.0-20181207154023-610586996380/go.mod h1:mL1N/T3taQHkDXs73rZJwtUhF3w3ftmwwsq0BUmARs4=
golang.org/x/net v0.0.0-20190125091013-d26f9f9a57f3 h1:ulvT7fqt0yHWzpJwI57MezWnYDVpCAYBVuYst/L+fAY=
golang.org/x/net v0.0.0-20190125091013-d26f9f9a57f3/go.mod h1:mL1N/T3taQHkDXs73rZJwtUhF3w3ftmwwsq0BUmARs4=
golang.org/x/oauth2 v0.0.0-20180821212333-d2e6202438be/go.mod h1:N/0e6XlmueqKjAGxoOufVs8QHGRruUQn6yWY3a++T0U=
golang.org/x/sync v0.0.0-20180314180146-1d60e4601c6f h1:wMNYb4v58l5UBM7MYRLPG6ZhfOqbKu7X5eyFl8ZhKvA=
golang.org/x/sync v0.0.0-20180314180146-1d60e4601c6f/go.mod h1:RxMgew5VJxzue5/jJTE5uejpjVlOe/izrB70Jof72aM=
golang.org/x/sync v0.0.0-20181108010431-42b317875d0f h1:Bl/8QSvNqXvPGPGXa2z5xUTmV7VDcZyvRZ+QQXkXTZQ=
golang.org/x/sync v0.0.0-20181108010431-42b317875d0f/go.mod h1:RxMgew5VJxzue5/jJTE5uejpjVlOe/izrB70Jof72aM=
golang.org/x/sync v0.0.0-20181221193216-37e7f081c4d4 h1:YUO/7uOKsKeq9UokNS62b8FYywz3ker1l1vDZRCRefw=
golang.org/x/sync v0.0.0-20181221193216-37e7f081c4d4/go.mod h1:RxMgew5VJxzue5/jJTE5uejpjVlOe/izrB70Jof72aM=
golang.org/x/sys v0.0.0-20180522224204-88eb85aaee56/go.mod h1:STP8DvDyc/dI5b8T5hshtkjS+E42TnysNCUPdjciGhY=
golang.org/x/sys v0.0.0-20180810070207-f0d5e33068cb h1:8RtOlGoYzeQE/7H55BC4Ct/2wxzIXu6esHJefkHwc48=
golang.org/x/sys v0.0.0-20180810070207-f0d5e33068cb/go.mod h1:STP8DvDyc/dI5b8T5hshtkjS+E42TnysNCUPdjciGhY=
golang.org/x/sys v0.0.0-20180816055513-1c9583448a9c/go.mod h1:STP8DvDyc/dI5b8T5hshtkjS+E42TnysNCUPdjciGhY=
golang.org/x/sys v0.0.0-20180830151530-49385e6e1522/go.mod h1:STP8DvDyc/dI5b8T5hshtkjS+E42TnysNCUPdjciGhY=
golang.org/x/sys v0.0.0-20180831094639-fa5fdf94c789/go.mod h1:STP8DvDyc/dI5b8T5hshtkjS+E42TnysNCUPdjciGhY=
golang.org/x/sys v0.0.0-20180909124046-d0be0721c37e/go.mod h1:STP8DvDyc/dI5b8T5hshtkjS+E42TnysNCUPdjciGhY=
golang.org/x/sys v0.0.0-20181206074257-70b957f3b65e/go.mod h1:STP8DvDyc/dI5b8T5hshtkjS+E42TnysNCUPdjciGhY=
golang.org/x/sys v0.0.0-20181212120007-b05ddf57801d h1:G59MrP9Qg6bymPjN3yGmqnmuCEH1h0eFP8zpRpl1RiU=
golang.org/x/sys v0.0.0-20181212120007-b05ddf57801d/go.mod h1:STP8DvDyc/dI5b8T5hshtkjS+E42TnysNCUPdjciGhY=
golang.org/x/sys v0.0.0-20190203050204-7ae0202eb74c/go.mod h1:STP8DvDyc/dI5b8T5hshtkjS+E42TnysNCUPdjciGhY=
golang.org/x/sys v0.0.0-20190215142949-d0b11bdaac8a/go.mod h1:STP8DvDyc/dI5b8T5hshtkjS+E42TnysNCUPdjciGhY=
golang.org/x/sys v0.0.0-20190318195719-6c81ef8f67ca h1:o2TLx1bGN3W+Ei0EMU5fShLupLmTOU95KvJJmfYhAzM=
golang.org/x/sys v0.0.0-20190318195719-6c81ef8f67ca/go.mod h1:h1NjWce9XRLGQEsW7wpKNCjG9DtNlClVuFLEZdDNbEs=
golang.org/x/text v0.3.0 h1:g61tztE5qeGQ89tm6NTjjM9VPIm088od1l6aSorWRWg=
golang.org/x/text v0.3.0/go.mod h1:NqM8EUOU14njkJ3fqMW+pc6Ldnwhi/IjpwHt7yyuwOQ=
golang.org/x/time v0.0.0-20181108054448-85acf8d2951c/go.mod h1:tRJNPiyCQ0inRvYxbN9jk5I+vvW/OXSQhTDSoE431IQ=
golang.org/x/tools v0.0.0-20180828015842-6cd1fcedba52/go.mod h1:n7NCudcB/nEzxVGmLbDWY5pfWTLqBcC2KZ6jyYvM4mQ=
google.golang.org/appengine v1.1.0/go.mod h1:EbEs0AVv82hx2wNQdGPgUI5lhzA/G0D9YwlJXL52JkM=
google.golang.org/appengine v1.5.0 h1:KxkO13IPW4Lslp2bz+KHP2E3gtFlrIGNThxkZQ3g+4c=
google.golang.org/appengine v1.5.0/go.mod h1:xpcJRLb0r/rnEns0DIKYYv+WjYCduHsrkT7/EB5XEv4=
google.golang.org/genproto v0.0.0-20180808183934-383e8b2c3b9e/go.mod h1:JiN7NxoALGmiZfu7CAH4rXhgtRTLTxftemlI0sWmxmc=
google.golang.org/genproto v0.0.0-20180817151627-c66870c02cf8/go.mod h1:JiN7NxoALGmiZfu7CAH4rXhgtRTLTxftemlI0sWmxmc=
google.golang.org/genproto v0.0.0-20190111180523-db91494dd46c/go.mod h1:7Ep/1NZk928CDR8SjdVbjWNpdIf6nzjE3BTgJDr2Atg=
google.golang.org/grpc v1.14.0/go.mod h1:yo6s7OP7yaDglbqo1J04qKzAhqBH6lvTonzMVmEdcZw=
google.golang.org/grpc v1.16.0/go.mod h1:0JHn/cJsOMiMfNA9+DeHDlAU7KAAB5GDlYFpa9MZMio=
google.golang.org/grpc v1.17.0/go.mod h1:6QZJwpn2B+Zp71q/5VxRsJ6NXXVCE5NRUHRo+f3cWCs=
google.golang.org/grpc v1.18.0 h1:IZl7mfBGfbhYx2p2rKRtYgDFw6SBz+kclmxYrCksPPA=
google.golang.org/grpc v1.18.0/go.mod h1:6QZJwpn2B+Zp71q/5VxRsJ6NXXVCE5NRUHRo+f3cWCs=
gopkg.in/check.v1 v0.0.0-20161208181325-20d25e280405/go.mod h1:Co6ibVJAznAaIkqp8huTwlJQCZ016jof/cbN4VW5Yz0=
gopkg.in/check.v1 v1.0.0-20180628173108-788fd7840127 h1:qIbj1fsPNlZgppZ+VLlY7N33q108Sa+fhmuc+sWQYwY=
gopkg.in/check.v1 v1.0.0-20180628173108-788fd7840127/go.mod h1:Co6ibVJAznAaIkqp8huTwlJQCZ016jof/cbN4VW5Yz0=
gopkg.in/errgo.v1 v1.0.0/go.mod h1:CxwszS/Xz1C49Ucd2i6Zil5UToP1EmyrFhKaMVbg1mk=
gopkg.in/fsnotify.v1 v1.4.7 h1:xOHLXZwVvI9hhs+cLKq5+I5onOuwQLhQwiu63xxlHs4=
gopkg.in/fsnotify.v1 v1.4.7/go.mod h1:Tz8NjZHkW78fSQdbUxIjBTcgA1z1m8ZHf0WmKUhAMys=
gopkg.in/macaroon-bakery.v2 v2.1.0/go.mod h1:B4/T17l+ZWGwxFSZQmlBwp25x+og7OkhETfr3S9MbIA=
gopkg.in/macaroon.v2 v2.0.0/go.mod h1:+I6LnTMkm/uV5ew/0nsulNjL16SK4+C8yDmRUzHR17I=
gopkg.in/mgo.v2 v2.0.0-20180705113604-9856a29383ce/go.mod h1:yeKp02qBN3iKW1OzL3MGk2IdtZzaj7SFntXj72NppTA=
gopkg.in/tomb.v1 v1.0.0-20141024135613-dd632973f1e7 h1:uRGJdciOHaEIrze2W8Q3AKkepLTh2hOroT7a+7czfdQ=
gopkg.in/tomb.v1 v1.0.0-20141024135613-dd632973f1e7/go.mod h1:dt/ZhP58zS4L8KSrWDmTeBkI65Dw0HsyUHuEVlX15mw=
gopkg.in/yaml.v2 v2.2.1 h1:mUhvW9EsL+naU5Q3cakzfE91YhliOondGd6ZrsDBHQE=
gopkg.in/yaml.v2 v2.2.1/go.mod h1:hI93XBmqTisBFMUTm0b8Fm+jr3Dg1NNxqwp+5A1VGuI=
gopkg.in/yaml.v2 v2.2.2/go.mod h1:hI93XBmqTisBFMUTm0b8Fm+jr3Dg1NNxqwp+5A1VGuI=
honnef.co/go/tools v0.0.0-20180728063816-88497007e858/go.mod h1:rf3lG4BRIbNafJWhAfAdb/ePZxsR/4RtNHQocxwk9r4=
